// !$*UTF8*$!
{
	archiveVersion = 1;
	classes = {
	};
	objectVersion = 50;
	objects = {

/* Begin PBXBuildFile section */
		899D37202C94A6230017FD13 /* AppDelegate.swift in Sources */ = {isa = PBXBuildFile; fileRef = 899D371F2C94A6230017FD13 /* AppDelegate.swift */; };
		899D37222C94A6230017FD13 /* SceneDelegate.swift in Sources */ = {isa = PBXBuildFile; fileRef = 899D37212C94A6230017FD13 /* SceneDelegate.swift */; };
		899D37242C94A6230017FD13 /* ViewController.swift in Sources */ = {isa = PBXBuildFile; fileRef = 899D37232C94A6230017FD13 /* ViewController.swift */; };
		899D37272C94A6230017FD13 /* Main.storyboard in Resources */ = {isa = PBXBuildFile; fileRef = 899D37252C94A6230017FD13 /* Main.storyboard */; };
		899D372A2C94A6230017FD13 /* CoredataApp.xcdatamodeld in Sources */ = {isa = PBXBuildFile; fileRef = 899D37282C94A6230017FD13 /* CoredataApp.xcdatamodeld */; };
		899D372C2C94A6230017FD13 /* Assets.xcassets in Resources */ = {isa = PBXBuildFile; fileRef = 899D372B2C94A6230017FD13 /* Assets.xcassets */; };
		899D372F2C94A6230017FD13 /* LaunchScreen.storyboard in Resources */ = {isa = PBXBuildFile; fileRef = 899D372D2C94A6230017FD13 /* LaunchScreen.storyboard */; };
		899D373B2C94A6260017FD13 /* DBModel.swift in Sources */ = {isa = PBXBuildFile; fileRef = 899D373A2C94A6260017FD13 /* DBModel.swift */; };
/* End PBXBuildFile section */

/* Begin PBXFileReference section */
		899D371C2C94A6230017FD13 /* CoredataApp.app */ = {isa = PBXFileReference; explicitFileType = wrapper.application; includeInIndex = 0; path = CoredataApp.app; sourceTree = BUILT_PRODUCTS_DIR; };
		899D371F2C94A6230017FD13 /* AppDelegate.swift */ = {isa = PBXFileReference; lastKnownFileType = sourcecode.swift; path = AppDelegate.swift; sourceTree = "<group>"; };
		899D37212C94A6230017FD13 /* SceneDelegate.swift */ = {isa = PBXFileReference; lastKnownFileType = sourcecode.swift; path = SceneDelegate.swift; sourceTree = "<group>"; };
		899D37232C94A6230017FD13 /* ViewController.swift */ = {isa = PBXFileReference; lastKnownFileType = sourcecode.swift; path = ViewController.swift; sourceTree = "<group>"; };
		899D37262C94A6230017FD13 /* Base */ = {isa = PBXFileReference; lastKnownFileType = file.storyboard; name = Base; path = Base.lproj/Main.storyboard; sourceTree = "<group>"; };
		899D37292C94A6230017FD13 /* CoredataApp.xcdatamodel */ = {isa = PBXFileReference; lastKnownFileType = wrapper.xcdatamodel; path = CoredataApp.xcdatamodel; sourceTree = "<group>"; };
		899D372B2C94A6230017FD13 /* Assets.xcassets */ = {isa = PBXFileReference; lastKnownFileType = folder.assetcatalog; path = Assets.xcassets; sourceTree = "<group>"; };
		899D372E2C94A6230017FD13 /* Base */ = {isa = PBXFileReference; lastKnownFileType = file.storyboard; name = Base; path = Base.lproj/LaunchScreen.storyboard; sourceTree = "<group>"; };
		899D37302C94A6230017FD13 /* Info.plist */ = {isa = PBXFileReference; lastKnownFileType = text.plist.xml; path = Info.plist; sourceTree = "<group>"; };
		899D373A2C94A6260017FD13 /* DBModel.swift */ = {isa = PBXFileReference; lastKnownFileType = sourcecode.swift; path = DBModel.swift; sourceTree = "<group>"; };
/* End PBXFileReference section */

/* Begin PBXFrameworksBuildPhase section */
		899D37192C94A6230017FD13 /* Frameworks */ = {
			isa = PBXFrameworksBuildPhase;
			buildActionMask = 2147483647;
			files = (
			);
			runOnlyForDeploymentPostprocessing = 0;
		};
/* End PBXFrameworksBuildPhase section */

/* Begin PBXGroup section */
		899D37132C94A6220017FD13 = {
			isa = PBXGroup;
			children = (
				899D371E2C94A6230017FD13 /* CoredataApp */,
				899D371D2C94A6230017FD13 /* Products */,
			);
			sourceTree = "<group>";
		};
		899D371D2C94A6230017FD13 /* Products */ = {
			isa = PBXGroup;
			children = (
				899D371C2C94A6230017FD13 /* CoredataApp.app */,
			);
			name = Products;
			sourceTree = "<group>";
		};
		899D371E2C94A6230017FD13 /* CoredataApp */ = {
			isa = PBXGroup;
			children = (
				899D371F2C94A6230017FD13 /* AppDelegate.swift */,
				899D37212C94A6230017FD13 /* SceneDelegate.swift */,
				899D37372C94A6260017FD13 /* Model */,
				899D37382C94A6260017FD13 /* View */,
				899D37392C94A6260017FD13 /* Controller */,
				899D372B2C94A6230017FD13 /* Assets.xcassets */,
				899D372D2C94A6230017FD13 /* LaunchScreen.storyboard */,
				899D37302C94A6230017FD13 /* Info.plist */,
				899D37282C94A6230017FD13 /* CoredataApp.xcdatamodeld */,
			);
			path = CoredataApp;
			sourceTree = "<group>";
		};
		899D37372C94A6260017FD13 /* Model */ = {
			isa = PBXGroup;
			children = (
				899D373A2C94A6260017FD13 /* DBModel.swift */,
			);
			path = Model;
			sourceTree = "<group>";
		};
		899D37382C94A6260017FD13 /* View */ = {
			isa = PBXGroup;
			children = (
				899D37252C94A6230017FD13 /* Main.storyboard */,
			);
			path = View;
			sourceTree = "<group>";
		};
		899D37392C94A6260017FD13 /* Controller */ = {
			isa = PBXGroup;
			children = (
				899D37232C94A6230017FD13 /* ViewController.swift */,
			);
			path = Controller;
			sourceTree = "<group>";
		};
/* End PBXGroup section */

/* Begin PBXNativeTarget section */
		899D371B2C94A6230017FD13 /* CoredataApp */ = {
			isa = PBXNativeTarget;
			buildConfigurationList = 899D37332C94A6230017FD13 /* Build configuration list for PBXNativeTarget "CoredataApp" */;
			buildPhases = (
				899D37182C94A6230017FD13 /* Sources */,
				899D37192C94A6230017FD13 /* Frameworks */,
				899D371A2C94A6230017FD13 /* Resources */,
			);
			buildRules = (
			);
			dependencies = (
			);
			name = CoredataApp;
			productName = CoredataApp;
			productReference = 899D371C2C94A6230017FD13 /* CoredataApp.app */;
			productType = "com.apple.product-type.application";
		};
/* End PBXNativeTarget section */

/* Begin PBXProject section */
		899D37142C94A6220017FD13 /* Project object */ = {
			isa = PBXProject;
			attributes = {
				LastSwiftUpdateCheck = 1220;
				LastUpgradeCheck = 1220;
				TargetAttributes = {
					899D371B2C94A6230017FD13 = {
						CreatedOnToolsVersion = 12.2;
					};
				};
			};
			buildConfigurationList = 899D37172C94A6220017FD13 /* Build configuration list for PBXProject "CoredataApp" */;
			compatibilityVersion = "Xcode 9.3";
			developmentRegion = en;
			hasScannedForEncodings = 0;
			knownRegions = (
				en,
				Base,
			);
			mainGroup = 899D37132C94A6220017FD13;
			productRefGroup = 899D371D2C94A6230017FD13 /* Products */;
			projectDirPath = "";
			projectRoot = "";
			targets = (
				899D371B2C94A6230017FD13 /* CoredataApp */,
			);
		};
/* End PBXProject section */

/* Begin PBXResourcesBuildPhase section */
		899D371A2C94A6230017FD13 /* Resources */ = {
			isa = PBXResourcesBuildPhase;
			buildActionMask = 2147483647;
			files = (
				899D372F2C94A6230017FD13 /* LaunchScreen.storyboard in Resources */,
				899D372C2C94A6230017FD13 /* Assets.xcassets in Resources */,
				899D37272C94A6230017FD13 /* Main.storyboard in Resources */,
			);
			runOnlyForDeploymentPostprocessing = 0;
		};
/* End PBXResourcesBuildPhase section */

/* Begin PBXSourcesBuildPhase section */
		899D37182C94A6230017FD13 /* Sources */ = {
			isa = PBXSourcesBuildPhase;
			buildActionMask = 2147483647;
			files = (
				899D373B2C94A6260017FD13 /* DBModel.swift in Sources */,
				899D372A2C94A6230017FD13 /* CoredataApp.xcdatamodeld in Sources */,
				899D37242C94A6230017FD13 /* ViewController.swift in Sources */,
				899D37202C94A6230017FD13 /* AppDelegate.swift in Sources */,
				899D37222C94A6230017FD13 /* SceneDelegate.swift in Sources */,
			);
			runOnlyForDeploymentPostprocessing = 0;
		};
/* End PBXSourcesBuildPhase section */

/* Begin PBXVariantGroup section */
		899D37252C94A6230017FD13 /* Main.storyboard */ = {
			isa = PBXVariantGroup;
			children = (
				899D37262C94A6230017FD13 /* Base */,
			);
			name = Main.storyboard;
			sourceTree = "<group>";
		};
		899D372D2C94A6230017FD13 /* LaunchScreen.storyboard */ = {
			isa = PBXVariantGroup;
			children = (
				899D372E2C94A6230017FD13 /* Base */,
			);
			name = LaunchScreen.storyboard;
			sourceTree = "<group>";
		};
/* End PBXVariantGroup section */

/* Begin XCBuildConfiguration section */
		899D37312C94A6230017FD13 /* Debug */ = {
			isa = XCBuildConfiguration;
			buildSettings = {
				ALWAYS_SEARCH_USER_PATHS = NO;
				CLANG_ANALYZER_NONNULL = YES;
				CLANG_ANALYZER_NUMBER_OBJECT_CONVERSION = YES_AGGRESSIVE;
				CLANG_CXX_LANGUAGE_STANDARD = "gnu++14";
				CLANG_CXX_LIBRARY = "libc++";
				CLANG_ENABLE_MODULES = YES;
				CLANG_ENABLE_OBJC_ARC = YES;
				CLANG_ENABLE_OBJC_WEAK = YES;
				CLANG_WARN_BLOCK_CAPTURE_AUTORELEASING = YES;
				CLANG_WARN_BOOL_CONVERSION = YES;
				CLANG_WARN_COMMA = YES;
				CLANG_WARN_CONSTANT_CONVERSION = YES;
				CLANG_WARN_DEPRECATED_OBJC_IMPLEMENTATIONS = YES;
				CLANG_WARN_DIRECT_OBJC_ISA_USAGE = YES_ERROR;
				CLANG_WARN_DOCUMENTATION_COMMENTS = YES;
				CLANG_WARN_EMPTY_BODY = YES;
				CLANG_WARN_ENUM_CONVERSION = YES;
				CLANG_WARN_INFINITE_RECURSION = YES;
				CLANG_WARN_INT_CONVERSION = YES;
				CLANG_WARN_NON_LITERAL_NULL_CONVERSION = YES;
				CLANG_WARN_OBJC_IMPLICIT_RETAIN_SELF = YES;
				CLANG_WARN_OBJC_LITERAL_CONVERSION = YES;
				CLANG_WARN_OBJC_ROOT_CLASS = YES_ERROR;
				CLANG_WARN_QUOTED_INCLUDE_IN_FRAMEWORK_HEADER = YES;
				CLANG_WARN_RANGE_LOOP_ANALYSIS = YES;
				CLANG_WARN_STRICT_PROTOTYPES = YES;
				CLANG_WARN_SUSPICIOUS_MOVE = YES;
				CLANG_WARN_UNGUARDED_AVAILABILITY = YES_AGGRESSIVE;
				CLANG_WARN_UNREACHABLE_CODE = YES;
				CLANG_WARN__DUPLICATE_METHOD_MATCH = YES;
				COPY_PHASE_STRIP = NO;
				DEBUG_INFORMATION_FORMAT = dwarf;
				ENABLE_STRICT_OBJC_MSGSEND = YES;
				ENABLE_TESTABILITY = YES;
				GCC_C_LANGUAGE_STANDARD = gnu11;
				GCC_DYNAMIC_NO_PIC = NO;
				GCC_NO_COMMON_BLOCKS = YES;
				GCC_OPTIMIZATION_LEVEL = 0;
				GCC_PREPROCESSOR_DEFINITIONS = (
					"DEBUG=1",
					"$(inherited)",
				);
				GCC_WARN_64_TO_32_BIT_CONVERSION = YES;
				GCC_WARN_ABOUT_RETURN_TYPE = YES_ERROR;
				GCC_WARN_UNDECLARED_SELECTOR = YES;
				GCC_WARN_UNINITIALIZED_AUTOS = YES_AGGRESSIVE;
				GCC_WARN_UNUSED_FUNCTION = YES;
				GCC_WARN_UNUSED_VARIABLE = YES;
				IPHONEOS_DEPLOYMENT_TARGET = 14.2;
				MTL_ENABLE_DEBUG_INFO = INCLUDE_SOURCE;
				MTL_FAST_MATH = YES;
				ONLY_ACTIVE_ARCH = YES;
				SDKROOT = iphoneos;
				SWIFT_ACTIVE_COMPILATION_CONDITIONS = DEBUG;
				SWIFT_OPTIMIZATION_LEVEL = "-Onone";
			};
			name = Debug;
		};
		899D37322C94A6230017FD13 /* Release */ = {
			isa = XCBuildConfiguration;
			buildSettings = {
				ALWAYS_SEARCH_USER_PATHS = NO;
				CLANG_ANALYZER_NONNULL = YES;
				CLANG_ANALYZER_NUMBER_OBJECT_CONVERSION = YES_AGGRESSIVE;
				CLANG_CXX_LANGUAGE_STANDARD = "gnu++14";
				CLANG_CXX_LIBRARY = "libc++";
				CLANG_ENABLE_MODULES = YES;
				CLANG_ENABLE_OBJC_ARC = YES;
				CLANG_ENABLE_OBJC_WEAK = YES;
				CLANG_WARN_BLOCK_CAPTURE_AUTORELEASING = YES;
				CLANG_WARN_BOOL_CONVERSION = YES;
				CLANG_WARN_COMMA = YES;
				CLANG_WARN_CONSTANT_CONVERSION = YES;
				CLANG_WARN_DEPRECATED_OBJC_IMPLEMENTATIONS = YES;
				CLANG_WARN_DIRECT_OBJC_ISA_USAGE = YES_ERROR;
				CLANG_WARN_DOCUMENTATION_COMMENTS = YES;
				CLANG_WARN_EMPTY_BODY = YES;
				CLANG_WARN_ENUM_CONVERSION = YES;
				CLANG_WARN_INFINITE_RECURSION = YES;
				CLANG_WARN_INT_CONVERSION = YES;
				CLANG_WARN_NON_LITERAL_NULL_CONVERSION = YES;
				CLANG_WARN_OBJC_IMPLICIT_RETAIN_SELF = YES;
				CLANG_WARN_OBJC_LITERAL_CONVERSION = YES;
				CLANG_WARN_OBJC_ROOT_CLASS = YES_ERROR;
				CLANG_WARN_QUOTED_INCLUDE_IN_FRAMEWORK_HEADER = YES;
				CLANG_WARN_RANGE_LOOP_ANALYSIS = YES;
				CLANG_WARN_STRICT_PROTOTYPES = YES;
				CLANG_WARN_SUSPICIOUS_MOVE = YES;
				CLANG_WARN_UNGUARDED_AVAILABILITY = YES_AGGRESSIVE;
				CLANG_WARN_UNREACHABLE_CODE = YES;
				CLANG_WARN__DUPLICATE_METHOD_MATCH = YES;
				COPY_PHASE_STRIP = NO;
				DEBUG_INFORMATION_FORMAT = "dwarf-with-dsym";
				ENABLE_NS_ASSERTIONS = NO;
				ENABLE_STRICT_OBJC_MSGSEND = YES;
				GCC_C_LANGUAGE_STANDARD = gnu11;
				GCC_NO_COMMON_BLOCKS = YES;
				GCC_WARN_64_TO_32_BIT_CONVERSION = YES;
				GCC_WARN_ABOUT_RETURN_TYPE = YES_ERROR;
				GCC_WARN_UNDECLARED_SELECTOR = YES;
				GCC_WARN_UNINITIALIZED_AUTOS = YES_AGGRESSIVE;
				GCC_WARN_UNUSED_FUNCTION = YES;
				GCC_WARN_UNUSED_VARIABLE = YES;
				IPHONEOS_DEPLOYMENT_TARGET = 14.2;
				MTL_ENABLE_DEBUG_INFO = NO;
				MTL_FAST_MATH = YES;
				SDKROOT = iphoneos;
				SWIFT_COMPILATION_MODE = wholemodule;
				SWIFT_OPTIMIZATION_LEVEL = "-O";
				VALIDATE_PRODUCT = YES;
			};
			name = Release;
		};
		899D37342C94A6230017FD13 /* Debug */ = {
			isa = XCBuildConfiguration;
			buildSettings = {
				ASSETCATALOG_COMPILER_APPICON_NAME = AppIcon;
				ASSETCATALOG_COMPILER_GLOBAL_ACCENT_COLOR_NAME = AccentColor;
				CODE_SIGN_STYLE = Automatic;
				INFOPLIST_FILE = CoredataApp/Info.plist;
				LD_RUNPATH_SEARCH_PATHS = (
					"$(inherited)",
					"@executable_path/Frameworks",
				);
				PRODUCT_BUNDLE_IDENTIFIER = sanket.CoredataApp;
				PRODUCT_NAME = "$(TARGET_NAME)";
				SWIFT_VERSION = 5.0;
				TARGETED_DEVICE_FAMILY = "1,2";
			};
			name = Debug;
		};
		899D37352C94A6230017FD13 /* Release */ = {
			isa = XCBuildConfiguration;
			buildSettings = {
				ASSETCATALOG_COMPILER_APPICON_NAME = AppIcon;
				ASSETCATALOG_COMPILER_GLOBAL_ACCENT_COLOR_NAME = AccentColor;
				CODE_SIGN_STYLE = Automatic;
				INFOPLIST_FILE = CoredataApp/Info.plist;
				LD_RUNPATH_SEARCH_PATHS = (
					"$(inherited)",
					"@executable_path/Frameworks",
				);
				PRODUCT_BUNDLE_IDENTIFIER = sanket.CoredataApp;
				PRODUCT_NAME = "$(TARGET_NAME)";
				SWIFT_VERSION = 5.0;
				TARGETED_DEVICE_FAMILY = "1,2";
			};
			name = Release;
		};
/* End XCBuildConfiguration section */

/* Begin XCConfigurationList section */
		899D37172C94A6220017FD13 /* Build configuration list for PBXProject "CoredataApp" */ = {
			isa = XCConfigurationList;
			buildConfigurations = (
				899D37312C94A6230017FD13 /* Debug */,
				899D37322C94A6230017FD13 /* Release */,
			);
			defaultConfigurationIsVisible = 0;
			defaultConfigurationName = Release;
		};
		899D37332C94A6230017FD13 /* Build configuration list for PBXNativeTarget "CoredataApp" */ = {
			isa = XCConfigurationList;
			buildConfigurations = (
				899D37342C94A6230017FD13 /* Debug */,
				899D37352C94A6230017FD13 /* Release */,
			);
			defaultConfigurationIsVisible = 0;
			defaultConfigurationName = Release;
		};
/* End XCConfigurationList section */

/* Begin XCVersionGroup section */
		899D37282C94A6230017FD13 /* CoredataApp.xcdatamodeld */ = {
			isa = XCVersionGroup;
			children = (
				899D37292C94A6230017FD13 /* CoredataApp.xcdatamodel */,
			);
			currentVersion = 899D37292C94A6230017FD13 /* CoredataApp.xcdatamodel */;
			path = CoredataApp.xcdatamodeld;
			sourceTree = "<group>";
			versionGroupType = wrapper.xcdatamodel;
		};
/* End XCVersionGroup section */
	};
	rootObject = 899D37142C94A6220017FD13 /* Project object */;
}
